
Microsoft Visual Studio Solution File, Format Version 12.00
# Visual Studio Version 17
VisualStudioVersion = 17.8.34322.80
MinimumVisualStudioVersion = 10.0.40219.1
Project("{9A19103F-16F7-4668-BE54-9A1E7A4F7556}") = "Standatd.AI.Data.EntityIntelligence", "Standatd.AI.Data.EntityIntelligence\Standatd.AI.Data.EntityIntelligence.csproj", "{DEF0FB30-4055-4D1D-8B49-310E2D8950E6}"
EndProject
Project("{FAE04EC0-301F-11D3-BF4B-00C04F79EFBC}") = "Standard.AI.Data.EntityIntelligence.Tests.Unit", "Standard.AI.Data.EntityIntelligence.Tests.Unit\Standard.AI.Data.EntityIntelligence.Tests.Unit.csproj", "{7BB74CBB-C3E9-4326-B740-F5BDCBD32C65}"
	ProjectSection(ProjectDependencies) = postProject
		{DEF0FB30-4055-4D1D-8B49-310E2D8950E6} = {DEF0FB30-4055-4D1D-8B49-310E2D8950E6}
	EndProjectSection
EndProject
Global
	GlobalSection(SolutionConfigurationPlatforms) = preSolution
		Debug|Any CPU = Debug|Any CPU
		Release|Any CPU = Release|Any CPU
	EndGlobalSection
	GlobalSection(ProjectConfigurationPlatforms) = postSolution
		{DEF0FB30-4055-4D1D-8B49-310E2D8950E6}.Debug|Any CPU.ActiveCfg = Debug|Any CPU
		{DEF0FB30-4055-4D1D-8B49-310E2D8950E6}.Debug|Any CPU.Build.0 = Debug|Any CPU
		{DEF0FB30-4055-4D1D-8B49-310E2D8950E6}.Release|Any CPU.ActiveCfg = Release|Any CPU
		{DEF0FB30-4055-4D1D-8B49-310E2D8950E6}.Release|Any CPU.Build.0 = Release|Any CPU
		{7BB74CBB-C3E9-4326-B740-F5BDCBD32C65}.Debug|Any CPU.ActiveCfg = Debug|Any CPU
		{7BB74CBB-C3E9-4326-B740-F5BDCBD32C65}.Debug|Any CPU.Build.0 = Debug|Any CPU
		{7BB74CBB-C3E9-4326-B740-F5BDCBD32C65}.Release|Any CPU.ActiveCfg = Release|Any CPU
		{7BB74CBB-C3E9-4326-B740-F5BDCBD32C65}.Release|Any CPU.Build.0 = Release|Any CPU
	EndGlobalSection
	GlobalSection(SolutionProperties) = preSolution
		HideSolutionNode = FALSE
	EndGlobalSection
	GlobalSection(ExtensibilityGlobals) = postSolution
		SolutionGuid = {400A3FE8-90CF-44D9-A18C-2CCFDF270030}
	EndGlobalSection
EndGlobal
